
Microsoft Visual Studio Solution File, Format Version 12.00
# Visual Studio Version 17
VisualStudioVersion = 17.4.33213.308
MinimumVisualStudioVersion = 10.0.40219.1
Project("{FAE04EC0-301F-11D3-BF4B-00C04F79EFBC}") = "TobbElem(03.27)", "TobbElem(03.27)\TobbElem(03.27).csproj", "{62033DFA-A845-484C-8203-F48B5827C95E}"
EndProject
Global
	GlobalSection(SolutionConfigurationPlatforms) = preSolution
		Debug|Any CPU = Debug|Any CPU
		Release|Any CPU = Release|Any CPU
	EndGlobalSection
	GlobalSection(ProjectConfigurationPlatforms) = postSolution
		{62033DFA-A845-484C-8203-F48B5827C95E}.Debug|Any CPU.ActiveCfg = Debug|Any CPU
		{62033DFA-A845-484C-8203-F48B5827C95E}.Debug|Any CPU.Build.0 = Debug|Any CPU
		{62033DFA-A845-484C-8203-F48B5827C95E}.Release|Any CPU.ActiveCfg = Release|Any CPU
		{62033DFA-A845-484C-8203-F48B5827C95E}.Release|Any CPU.Build.0 = Release|Any CPU
	EndGlobalSection
	GlobalSection(SolutionProperties) = preSolution
		HideSolutionNode = FALSE
	EndGlobalSection
	GlobalSection(ExtensibilityGlobals) = postSolution
		SolutionGuid = {4965BFA3-1AA2-45A2-BEC4-B19D00CFA69F}
	EndGlobalSection
EndGlobal
