
Microsoft Visual Studio Solution File, Format Version 12.00
# Visual Studio Version 17
VisualStudioVersion = 17.4.33213.308
MinimumVisualStudioVersion = 10.0.40219.1
Project("{FAE04EC0-301F-11D3-BF4B-00C04F79EFBC}") = "5.feladat", "5.feladat\5.feladat.csproj", "{EB980626-4F98-4E8E-99FE-CAAC6A807C6A}"
EndProject
Global
	GlobalSection(SolutionConfigurationPlatforms) = preSolution
		Debug|Any CPU = Debug|Any CPU
		Release|Any CPU = Release|Any CPU
	EndGlobalSection
	GlobalSection(ProjectConfigurationPlatforms) = postSolution
		{EB980626-4F98-4E8E-99FE-CAAC6A807C6A}.Debug|Any CPU.ActiveCfg = Debug|Any CPU
		{EB980626-4F98-4E8E-99FE-CAAC6A807C6A}.Debug|Any CPU.Build.0 = Debug|Any CPU
		{EB980626-4F98-4E8E-99FE-CAAC6A807C6A}.Release|Any CPU.ActiveCfg = Release|Any CPU
		{EB980626-4F98-4E8E-99FE-CAAC6A807C6A}.Release|Any CPU.Build.0 = Release|Any CPU
	EndGlobalSection
	GlobalSection(SolutionProperties) = preSolution
		HideSolutionNode = FALSE
	EndGlobalSection
	GlobalSection(ExtensibilityGlobals) = postSolution
		SolutionGuid = {BF1D5491-0C23-45F4-A632-CCF9613A1C92}
	EndGlobalSection
EndGlobal
